<?xml version="1.0" encoding="utf-8"?>
<Project ToolsVersion="4.0" xmlns="http://schemas.microsoft.com/developer/msbuild/2003">
  <ItemGroup>
    <ClCompile Include="count_packets.c">
      <Filter>Source Files</Filter>
    </ClCompile>
    <ClCompile Include="dump.c">
      <Filter>Source Files</Filter>
    </ClCompile>
    <ClCompile Include="functions.c">
      <Filter>Source Files</Filter>
    </ClCompile>
    <ClCompile Include="jitter.c">
      <Filter>Source Files</Filter>
    </ClCompile>
    <ClCompile Include="Lo_send.c">
      <Filter>Source Files</Filter>
    </ClCompile>
    <ClCompile Include="Loopback.c">
      <Filter>Source Files</Filter>
    </ClCompile>
    <ClCompile Include="normal_lookup.c">
      <Filter>Source Files</Filter>
    </ClCompile>
    <ClCompile Include="Openclos.c">
      <Filter>Source Files</Filter>
    </ClCompile>
    <ClCompile Include="Packet.c">
      <Filter>Source Files</Filter>
    </ClCompile>
    <ClCompile Include="Read.c">
      <Filter>Source Files</Filter>
    </ClCompile>
    <ClCompile Include="tcp_session.c">
      <Filter>Source Files</Filter>
    </ClCompile>
    <ClCompile Include="tme.c">
      <Filter>Source Files</Filter>
    </ClCompile>
    <ClCompile Include="win_bpf_filter.c">
      <Filter>Source Files</Filter>
    </ClCompile>
    <ClCompile Include="win_bpf_filter_init.c">
      <Filter>Source Files</Filter>
    </ClCompile>
    <ClCompile Include="Write.c">
      <Filter>Source Files</Filter>
    </ClCompile>
    <ClCompile Include="bucket_lookup.c">
      <Filter>Source Files</Filter>
    </ClCompile>
  </ItemGroup>
  <ItemGroup>
    <ClInclude Include="bucket_lookup.h">
      <Filter>Header Files</Filter>
    </ClInclude>
    <ClInclude Include="count_packets.h">
      <Filter>Header Files</Filter>
    </ClInclude>
    <ClInclude Include="DEBUG.H">
      <Filter>Header Files</Filter>
    </ClInclude>
    <ClInclude Include="functions.h">
      <Filter>Header Files</Filter>
    </ClInclude>
    <ClInclude Include="ieee80211_radiotap.h">
      <Filter>Header Files</Filter>
    </ClInclude>
    <ClInclude Include="ioctls.h">
      <Filter>Header Files</Filter>
    </ClInclude>
    <ClInclude Include="jitter.h">
      <Filter>Header Files</Filter>
    </ClInclude>
    <ClInclude Include="Lo_send.h">
      <Filter>Header Files</Filter>
    </ClInclude>
    <ClInclude Include="Loopback.h">
      <Filter>Header Files</Filter>
    </ClInclude>
    <ClInclude Include="macros.h">
      <Filter>Header Files</Filter>
    </ClInclude>
    <ClInclude Include="memory_t.h">
      <Filter>Header Files</Filter>
    </ClInclude>
    <ClInclude Include="normal_lookup.h">
      <Filter>Header Files</Filter>
    </ClInclude>
    <ClInclude Include="Packet.h">
      <Filter>Header Files</Filter>
    </ClInclude>
    <ClInclude Include="stdafx.h">
      <Filter>Header Files</Filter>
    </ClInclude>
    <ClInclude Include="tcp_session.h">
      <Filter>Header Files</Filter>
    </ClInclude>
    <ClInclude Include="time_calls.h">
      <Filter>Header Files</Filter>
    </ClInclude>
    <ClInclude Include="tme.h">
      <Filter>Header Files</Filter>
    </ClInclude>
    <ClInclude Include="valid_insns.h">
      <Filter>Header Files</Filter>
    </ClInclude>
    <ClInclude Include="win_bpf.h">
      <Filter>Header Files</Filter>
    </ClInclude>
    <ClInclude Include="win_bpf_filter_init.h">
      <Filter>Header Files</Filter>
    </ClInclude>
  </ItemGroup>
  <ItemGroup>
    <Inf Include="npcap.inf">
      <Filter>Driver Files</Filter>
    </Inf>
    <Inf Include="npcap_wfp.inf">
      <Filter>Driver Files</Filter>
    </Inf>
  </ItemGroup>
  <ItemGroup>
    <Filter Include="Driver Files">
      <UniqueIdentifier>{5481204c-ccff-42d5-ac09-0a194cc3cf17}</UniqueIdentifier>
    </Filter>
    <Filter Include="Header Files">
      <UniqueIdentifier>{a7428563-a40c-41d0-924b-d9d4c19fbc02}</UniqueIdentifier>
    </Filter>
    <Filter Include="Resource Files">
      <UniqueIdentifier>{bb3bdb45-b66d-4ceb-9cae-41d99d8bda6e}</UniqueIdentifier>
    </Filter>
    <Filter Include="Source Files">
      <UniqueIdentifier>{41d550b0-0cfb-4e43-b66c-30757a553772}</UniqueIdentifier>
    </Filter>
  </ItemGroup>
  <ItemGroup>
    <ResourceCompile Include="npcap.rc">
      <Filter>Resource Files</Filter>
    </ResourceCompile>
  </ItemGroup>
</Project>