<?xml version="1.0" encoding="utf-8"?>
<Project ToolsVersion="4.0" xmlns="http://schemas.microsoft.com/developer/msbuild/2003">
  <ItemGroup>
    <Filter Include="Source Files">
      <UniqueIdentifier>{4FC737F1-C7A5-4376-A066-2A32D752A2FF}</UniqueIdentifier>
      <Extensions>cpp;c;cc;cxx;def;odl;idl;hpj;bat;asm;asmx</Extensions>
    </Filter>
    <Filter Include="Header Files">
      <UniqueIdentifier>{93995380-89BD-4b04-88EB-625FBE52EBFB}</UniqueIdentifier>
      <Extensions>h;hpp;hxx;hm;inl;inc;xsd</Extensions>
    </Filter>
    <Filter Include="Resource Files">
      <UniqueIdentifier>{67DA6AB6-F800-4c08-8B7A-83BB121AAD01}</UniqueIdentifier>
      <Extensions>rc;ico;cur;bmp;dlg;rc2;rct;bin;rgs;gif;jpg;jpeg;jpe;resx;tiff;tif;png;wav</Extensions>
    </Filter>
  </ItemGroup>
  <ItemGroup>
    <ClCompile Include="..\libpcap\bpf_dump.c">
      <Filter>Source Files</Filter>
    </ClCompile>
    <ClCompile Include="..\libpcap\bpf\net\bpf_filter.c">
      <Filter>Source Files</Filter>
    </ClCompile>
    <ClCompile Include="..\libpcap\bpf_image.c">
      <Filter>Source Files</Filter>
    </ClCompile>
    <ClCompile Include="..\libpcap\etherent.c">
      <Filter>Source Files</Filter>
    </ClCompile>
    <ClCompile Include="..\libpcap\fad-win32.c">
      <Filter>Source Files</Filter>
    </ClCompile>
    <ClCompile Include="..\libpcap\Win32\Src\ffs.c">
      <Filter>Source Files</Filter>
    </ClCompile>
    <ClCompile Include="..\libpcap\gencode.c">
      <Filter>Source Files</Filter>
    </ClCompile>
    <ClCompile Include="..\libpcap\Win32\Src\getservent.c">
      <Filter>Source Files</Filter>
    </ClCompile>
    <ClCompile Include="..\libpcap\grammar.c">
      <Filter>Source Files</Filter>
    </ClCompile>
    <ClCompile Include="..\libpcap\inet.c">
      <Filter>Source Files</Filter>
    </ClCompile>
    <ClCompile Include="..\libpcap\nametoaddr.c">
      <Filter>Source Files</Filter>
    </ClCompile>
    <ClCompile Include="..\libpcap\optimize.c">
      <Filter>Source Files</Filter>
    </ClCompile>
    <ClCompile Include="..\libpcap\pcap-new.c">
      <Filter>Source Files</Filter>
    </ClCompile>
    <ClCompile Include="..\libpcap\pcap-remote.c">
      <Filter>Source Files</Filter>
    </ClCompile>
    <ClCompile Include="..\libpcap\pcap-tc.c">
      <Filter>Source Files</Filter>
    </ClCompile>
    <ClCompile Include="..\libpcap\pcap-win32.c">
      <Filter>Source Files</Filter>
    </ClCompile>
    <ClCompile Include="..\libpcap\pcap.c">
      <Filter>Source Files</Filter>
    </ClCompile>
    <ClCompile Include="..\libpcap\savefile.c">
      <Filter>Source Files</Filter>
    </ClCompile>
    <ClCompile Include="..\libpcap\scanner.c">
      <Filter>Source Files</Filter>
    </ClCompile>
    <ClCompile Include="..\libpcap\sockutils.c">
      <Filter>Source Files</Filter>
    </ClCompile>
    <ClCompile Include="..\Win32-Extensions\Win32-Extensions.c">
      <Filter>Source Files</Filter>
    </ClCompile>
  </ItemGroup>
  <ItemGroup>
    <ClInclude Include="..\libpcap\acconfig.h">
      <Filter>Header Files</Filter>
    </ClInclude>
    <ClInclude Include="..\libpcap\arcnet.h">
      <Filter>Header Files</Filter>
    </ClInclude>
    <ClInclude Include="..\libpcap\atmuni31.h">
      <Filter>Header Files</Filter>
    </ClInclude>
    <ClInclude Include="..\libpcap\dlpisubs.h">
      <Filter>Header Files</Filter>
    </ClInclude>
    <ClInclude Include="..\libpcap\ethertype.h">
      <Filter>Header Files</Filter>
    </ClInclude>
    <ClInclude Include="..\libpcap\gencode.h">
      <Filter>Header Files</Filter>
    </ClInclude>
    <ClInclude Include="..\libpcap\ieee80211.h">
      <Filter>Header Files</Filter>
    </ClInclude>
    <ClInclude Include="..\libpcap\llc.h">
      <Filter>Header Files</Filter>
    </ClInclude>
    <ClInclude Include="..\libpcap\nlpid.h">
      <Filter>Header Files</Filter>
    </ClInclude>
    <ClInclude Include="..\libpcap\pcap-int.h">
      <Filter>Header Files</Filter>
    </ClInclude>
    <ClInclude Include="..\libpcap\pcap-namedb.h">
      <Filter>Header Files</Filter>
    </ClInclude>
    <ClInclude Include="..\libpcap\pcap-remote.h">
      <Filter>Header Files</Filter>
    </ClInclude>
    <ClInclude Include="..\libpcap\pcap-stdinc.h">
      <Filter>Header Files</Filter>
    </ClInclude>
    <ClInclude Include="..\libpcap\pcap-tc.h">
      <Filter>Header Files</Filter>
    </ClInclude>
    <ClInclude Include="..\libpcap\pcap.h">
      <Filter>Header Files</Filter>
    </ClInclude>
    <ClInclude Include="..\libpcap\pcap1.h">
      <Filter>Header Files</Filter>
    </ClInclude>
    <ClInclude Include="..\libpcap\ppp.h">
      <Filter>Header Files</Filter>
    </ClInclude>
    <ClInclude Include="..\libpcap\remote-ext.h">
      <Filter>Header Files</Filter>
    </ClInclude>
    <ClInclude Include="..\libpcap\sockutils.h">
      <Filter>Header Files</Filter>
    </ClInclude>
    <ClInclude Include="..\libpcap\sunatmpos.h">
      <Filter>Header Files</Filter>
    </ClInclude>
    <ClInclude Include="..\libpcap\tokdefs.h">
      <Filter>Header Files</Filter>
    </ClInclude>
  </ItemGroup>
  <ItemGroup>
    <ResourceCompile Include="..\Win32-Extensions\version.rc">
      <Filter>Resource Files</Filter>
    </ResourceCompile>
  </ItemGroup>
</Project>