
Microsoft Visual Studio Solution File, Format Version 12.00
# Visual Studio Version 16
VisualStudioVersion = 16.0.30320.27
MinimumVisualStudioVersion = 10.0.40219.1
Project("{8BC9CEB8-8B4A-11D0-8D11-00A0C91BC942}") = "npf", "..\npf\npf\npf.vcxproj", "{3556F5BC-F8EC-437E-93E3-7CF2DC63FF61}"
EndProject
Project("{8BC9CEB8-8B4A-11D0-8D11-00A0C91BC942}") = "npf Package", "..\npf\npf Package\npf Package.vcxproj", "{1A6BC1F1-F16A-4653-B787-FAF5A0E50229}"
EndProject
Project("{8BC9CEB8-8B4A-11D0-8D11-00A0C91BC942}") = "Packet", "..\Dll\Project\Packet.vcxproj", "{17D62EEB-EABF-4D94-B1FF-BCDAAFA7DA52}"
EndProject
Project("{8BC9CEB8-8B4A-11D0-8D11-00A0C91BC942}") = "NpcapHelper", "..\Helper\NpcapHelper\NpcapHelper.vcxproj", "{917BE5CC-CE5E-4476-A9E7-3B1F96E9FC43}"
EndProject
Project("{8BC9CEB8-8B4A-11D0-8D11-00A0C91BC942}") = "WlanHelper", "..\WlanHelper\WlanHelper\WlanHelper.vcxproj", "{044CB4DC-827D-4134-B14B-DE114E884BB9}"
EndProject
Project("{8BC9CEB8-8B4A-11D0-8D11-00A0C91BC942}") = "NPFInstall", "..\NPFInstall\NPFInstall\NPFInstall.vcxproj", "{5D8A2717-4F35-4402-B868-45612D27291B}"
EndProject
Global
	GlobalSection(SolutionConfigurationPlatforms) = preSolution
		Debug No AirPcap|ARM64 = Debug No AirPcap|ARM64
		Debug No AirPcap|x64 = Debug No AirPcap|x64
		Debug No AirPcap|x86 = Debug No AirPcap|x86
		Debug Win10 driver|ARM64 = Debug Win10 driver|ARM64
		Debug Win10 driver|x64 = Debug Win10 driver|x64
		Debug Win10 driver|x86 = Debug Win10 driver|x86
		Debug Win8 driver|ARM64 = Debug Win8 driver|ARM64
		Debug Win8 driver|x64 = Debug Win8 driver|x64
		Debug Win8 driver|x86 = Debug Win8 driver|x86
		Debug|ARM64 = Debug|ARM64
		Debug|x64 = Debug|x64
		Debug|x86 = Debug|x86
		OEM Debug Win10 driver|ARM64 = OEM Debug Win10 driver|ARM64
		OEM Debug Win10 driver|x64 = OEM Debug Win10 driver|x64
		OEM Debug Win10 driver|x86 = OEM Debug Win10 driver|x86
		OEM Debug|ARM64 = OEM Debug|ARM64
		OEM Debug|x64 = OEM Debug|x64
		OEM Debug|x86 = OEM Debug|x86
		OEM Release Win10 driver|ARM64 = OEM Release Win10 driver|ARM64
		OEM Release Win10 driver|x64 = OEM Release Win10 driver|x64
		OEM Release Win10 driver|x86 = OEM Release Win10 driver|x86
		OEM Release Win8 driver|ARM64 = OEM Release Win8 driver|ARM64
		OEM Release Win8 driver|x64 = OEM Release Win8 driver|x64
		OEM Release Win8 driver|x86 = OEM Release Win8 driver|x86
		OEM Release|ARM64 = OEM Release|ARM64
		OEM Release|x64 = OEM Release|x64
		OEM Release|x86 = OEM Release|x86
		OEM RO Release Win10 driver|ARM64 = OEM RO Release Win10 driver|ARM64
		OEM RO Release Win10 driver|x64 = OEM RO Release Win10 driver|x64
		OEM RO Release Win10 driver|x86 = OEM RO Release Win10 driver|x86
		OEM RO Release Win8 driver|ARM64 = OEM RO Release Win8 driver|ARM64
		OEM RO Release Win8 driver|x64 = OEM RO Release Win8 driver|x64
		OEM RO Release Win8 driver|x86 = OEM RO Release Win8 driver|x86
		OEM RO Release|ARM64 = OEM RO Release|ARM64
		OEM RO Release|x64 = OEM RO Release|x64
		OEM RO Release|x86 = OEM RO Release|x86
		Release No AirPcap|ARM64 = Release No AirPcap|ARM64
		Release No AirPcap|x64 = Release No AirPcap|x64
		Release No AirPcap|x86 = Release No AirPcap|x86
		Release Win10 driver|ARM64 = Release Win10 driver|ARM64
		Release Win10 driver|x64 = Release Win10 driver|x64
		Release Win10 driver|x86 = Release Win10 driver|x86
		Release Win8 driver|ARM64 = Release Win8 driver|ARM64
		Release Win8 driver|x64 = Release Win8 driver|x64
		Release Win8 driver|x86 = Release Win8 driver|x86
		Release|ARM64 = Release|ARM64
		Release|x64 = Release|x64
		Release|x86 = Release|x86
	EndGlobalSection
	GlobalSection(ProjectConfigurationPlatforms) = postSolution
		{3556F5BC-F8EC-437E-93E3-7CF2DC63FF61}.Debug No AirPcap|ARM64.ActiveCfg = Win7 Debug|ARM64
		{3556F5BC-F8EC-437E-93E3-7CF2DC63FF61}.Debug No AirPcap|x64.ActiveCfg = Win7 Debug|x64
		{3556F5BC-F8EC-437E-93E3-7CF2DC63FF61}.Debug No AirPcap|x64.Build.0 = Win7 Debug|x64
		{3556F5BC-F8EC-437E-93E3-7CF2DC63FF61}.Debug No AirPcap|x64.Deploy.0 = Win7 Debug|x64
		{3556F5BC-F8EC-437E-93E3-7CF2DC63FF61}.Debug No AirPcap|x86.ActiveCfg = Win7 Debug|Win32
		{3556F5BC-F8EC-437E-93E3-7CF2DC63FF61}.Debug No AirPcap|x86.Build.0 = Win7 Debug|Win32
		{3556F5BC-F8EC-437E-93E3-7CF2DC63FF61}.Debug No AirPcap|x86.Deploy.0 = Win7 Debug|Win32
		{3556F5BC-F8EC-437E-93E3-7CF2DC63FF61}.Debug Win10 driver|ARM64.ActiveCfg = Win10 Debug|ARM64
		{3556F5BC-F8EC-437E-93E3-7CF2DC63FF61}.Debug Win10 driver|ARM64.Build.0 = Win10 Debug|ARM64
		{3556F5BC-F8EC-437E-93E3-7CF2DC63FF61}.Debug Win10 driver|ARM64.Deploy.0 = Win10 Debug|ARM64
		{3556F5BC-F8EC-437E-93E3-7CF2DC63FF61}.Debug Win10 driver|x64.ActiveCfg = Win10 Debug|x64
		{3556F5BC-F8EC-437E-93E3-7CF2DC63FF61}.Debug Win10 driver|x64.Build.0 = Win10 Debug|x64
		{3556F5BC-F8EC-437E-93E3-7CF2DC63FF61}.Debug Win10 driver|x64.Deploy.0 = Win10 Debug|x64
		{3556F5BC-F8EC-437E-93E3-7CF2DC63FF61}.Debug Win10 driver|x86.ActiveCfg = Win10 Debug|Win32
		{3556F5BC-F8EC-437E-93E3-7CF2DC63FF61}.Debug Win10 driver|x86.Build.0 = Win10 Debug|Win32
		{3556F5BC-F8EC-437E-93E3-7CF2DC63FF61}.Debug Win10 driver|x86.Deploy.0 = Win10 Debug|Win32
		{3556F5BC-F8EC-437E-93E3-7CF2DC63FF61}.Debug Win8 driver|ARM64.ActiveCfg = Win8 Release|ARM64
		{3556F5BC-F8EC-437E-93E3-7CF2DC63FF61}.Debug Win8 driver|x64.ActiveCfg = Win8 Debug|x64
		{3556F5BC-F8EC-437E-93E3-7CF2DC63FF61}.Debug Win8 driver|x64.Build.0 = Win8 Debug|x64
		{3556F5BC-F8EC-437E-93E3-7CF2DC63FF61}.Debug Win8 driver|x64.Deploy.0 = Win8 Debug|x64
		{3556F5BC-F8EC-437E-93E3-7CF2DC63FF61}.Debug Win8 driver|x86.ActiveCfg = Win8 Debug|Win32
		{3556F5BC-F8EC-437E-93E3-7CF2DC63FF61}.Debug Win8 driver|x86.Build.0 = Win8 Debug|Win32
		{3556F5BC-F8EC-437E-93E3-7CF2DC63FF61}.Debug Win8 driver|x86.Deploy.0 = Win8 Debug|Win32
		{3556F5BC-F8EC-437E-93E3-7CF2DC63FF61}.Debug|ARM64.ActiveCfg = Win7 Debug|ARM64
		{3556F5BC-F8EC-437E-93E3-7CF2DC63FF61}.Debug|x64.ActiveCfg = Win7 Debug|x64
		{3556F5BC-F8EC-437E-93E3-7CF2DC63FF61}.Debug|x64.Build.0 = Win7 Debug|x64
		{3556F5BC-F8EC-437E-93E3-7CF2DC63FF61}.Debug|x64.Deploy.0 = Win7 Debug|x64
		{3556F5BC-F8EC-437E-93E3-7CF2DC63FF61}.Debug|x86.ActiveCfg = Win7 Debug|Win32
		{3556F5BC-F8EC-437E-93E3-7CF2DC63FF61}.Debug|x86.Build.0 = Win7 Debug|Win32
		{3556F5BC-F8EC-437E-93E3-7CF2DC63FF61}.Debug|x86.Deploy.0 = Win7 Debug|Win32
		{3556F5BC-F8EC-437E-93E3-7CF2DC63FF61}.OEM Debug Win10 driver|ARM64.ActiveCfg = Win10 OEM Debug|ARM64
		{3556F5BC-F8EC-437E-93E3-7CF2DC63FF61}.OEM Debug Win10 driver|ARM64.Build.0 = Win10 OEM Debug|ARM64
		{3556F5BC-F8EC-437E-93E3-7CF2DC63FF61}.OEM Debug Win10 driver|ARM64.Deploy.0 = Win10 OEM Debug|ARM64
		{3556F5BC-F8EC-437E-93E3-7CF2DC63FF61}.OEM Debug Win10 driver|x64.ActiveCfg = Win10 OEM Debug|x64
		{3556F5BC-F8EC-437E-93E3-7CF2DC63FF61}.OEM Debug Win10 driver|x64.Build.0 = Win10 OEM Debug|x64
		{3556F5BC-F8EC-437E-93E3-7CF2DC63FF61}.OEM Debug Win10 driver|x64.Deploy.0 = Win10 OEM Debug|x64
		{3556F5BC-F8EC-437E-93E3-7CF2DC63FF61}.OEM Debug Win10 driver|x86.ActiveCfg = Win10 OEM Debug|Win32
		{3556F5BC-F8EC-437E-93E3-7CF2DC63FF61}.OEM Debug Win10 driver|x86.Build.0 = Win10 OEM Debug|Win32
		{3556F5BC-F8EC-437E-93E3-7CF2DC63FF61}.OEM Debug Win10 driver|x86.Deploy.0 = Win10 OEM Debug|Win32
		{3556F5BC-F8EC-437E-93E3-7CF2DC63FF61}.OEM Debug|ARM64.ActiveCfg = Win7 OEM Debug|ARM64
		{3556F5BC-F8EC-437E-93E3-7CF2DC63FF61}.OEM Debug|x64.ActiveCfg = Win7 OEM Debug|x64
		{3556F5BC-F8EC-437E-93E3-7CF2DC63FF61}.OEM Debug|x86.ActiveCfg = Win7 OEM Debug|Win32
		{3556F5BC-F8EC-437E-93E3-7CF2DC63FF61}.OEM Release Win10 driver|ARM64.ActiveCfg = Win10 OEM Release|ARM64
		{3556F5BC-F8EC-437E-93E3-7CF2DC63FF61}.OEM Release Win10 driver|ARM64.Build.0 = Win10 OEM Release|ARM64
		{3556F5BC-F8EC-437E-93E3-7CF2DC63FF61}.OEM Release Win10 driver|ARM64.Deploy.0 = Win10 OEM Release|ARM64
		{3556F5BC-F8EC-437E-93E3-7CF2DC63FF61}.OEM Release Win10 driver|x64.ActiveCfg = Win10 OEM Release|x64
		{3556F5BC-F8EC-437E-93E3-7CF2DC63FF61}.OEM Release Win10 driver|x64.Build.0 = Win10 OEM Release|x64
		{3556F5BC-F8EC-437E-93E3-7CF2DC63FF61}.OEM Release Win10 driver|x64.Deploy.0 = Win10 OEM Release|x64
		{3556F5BC-F8EC-437E-93E3-7CF2DC63FF61}.OEM Release Win10 driver|x86.ActiveCfg = Win10 OEM Release|Win32
		{3556F5BC-F8EC-437E-93E3-7CF2DC63FF61}.OEM Release Win10 driver|x86.Build.0 = Win10 OEM Release|Win32
		{3556F5BC-F8EC-437E-93E3-7CF2DC63FF61}.OEM Release Win10 driver|x86.Deploy.0 = Win10 OEM Release|Win32
		{3556F5BC-F8EC-437E-93E3-7CF2DC63FF61}.OEM Release Win8 driver|ARM64.ActiveCfg = Win8 OEM Release|ARM64
		{3556F5BC-F8EC-437E-93E3-7CF2DC63FF61}.OEM Release Win8 driver|x64.ActiveCfg = Win8 OEM Release|x64
		{3556F5BC-F8EC-437E-93E3-7CF2DC63FF61}.OEM Release Win8 driver|x64.Build.0 = Win8 OEM Release|x64
		{3556F5BC-F8EC-437E-93E3-7CF2DC63FF61}.OEM Release Win8 driver|x64.Deploy.0 = Win8 OEM Release|x64
		{3556F5BC-F8EC-437E-93E3-7CF2DC63FF61}.OEM Release Win8 driver|x86.ActiveCfg = Win8 OEM Release|Win32
		{3556F5BC-F8EC-437E-93E3-7CF2DC63FF61}.OEM Release Win8 driver|x86.Build.0 = Win8 OEM Release|Win32
		{3556F5BC-F8EC-437E-93E3-7CF2DC63FF61}.OEM Release Win8 driver|x86.Deploy.0 = Win8 OEM Release|Win32
		{3556F5BC-F8EC-437E-93E3-7CF2DC63FF61}.OEM Release|ARM64.ActiveCfg = Win7 OEM Release|ARM64
		{3556F5BC-F8EC-437E-93E3-7CF2DC63FF61}.OEM Release|x64.ActiveCfg = Win7 OEM Release|x64
		{3556F5BC-F8EC-437E-93E3-7CF2DC63FF61}.OEM Release|x86.ActiveCfg = Win7 OEM Release|Win32
		{3556F5BC-F8EC-437E-93E3-7CF2DC63FF61}.OEM RO Release Win10 driver|ARM64.ActiveCfg = Win10 OEM RO Release|ARM64
		{3556F5BC-F8EC-437E-93E3-7CF2DC63FF61}.OEM RO Release Win10 driver|ARM64.Build.0 = Win10 OEM RO Release|ARM64
		{3556F5BC-F8EC-437E-93E3-7CF2DC63FF61}.OEM RO Release Win10 driver|ARM64.Deploy.0 = Win10 OEM RO Release|ARM64
		{3556F5BC-F8EC-437E-93E3-7CF2DC63FF61}.OEM RO Release Win10 driver|x64.ActiveCfg = Win10 OEM RO Release|x64
		{3556F5BC-F8EC-437E-93E3-7CF2DC63FF61}.OEM RO Release Win10 driver|x64.Build.0 = Win10 OEM RO Release|x64
		{3556F5BC-F8EC-437E-93E3-7CF2DC63FF61}.OEM RO Release Win10 driver|x64.Deploy.0 = Win10 OEM RO Release|x64
		{3556F5BC-F8EC-437E-93E3-7CF2DC63FF61}.OEM RO Release Win10 driver|x86.ActiveCfg = Win10 OEM RO Release|Win32
		{3556F5BC-F8EC-437E-93E3-7CF2DC63FF61}.OEM RO Release Win10 driver|x86.Build.0 = Win10 OEM RO Release|Win32
		{3556F5BC-F8EC-437E-93E3-7CF2DC63FF61}.OEM RO Release Win10 driver|x86.Deploy.0 = Win10 OEM RO Release|Win32
		{3556F5BC-F8EC-437E-93E3-7CF2DC63FF61}.OEM RO Release Win8 driver|ARM64.ActiveCfg = Win8 OEM RO Release|ARM64
		{3556F5BC-F8EC-437E-93E3-7CF2DC63FF61}.OEM RO Release Win8 driver|x64.ActiveCfg = Win8 OEM RO Release|x64
		{3556F5BC-F8EC-437E-93E3-7CF2DC63FF61}.OEM RO Release Win8 driver|x64.Build.0 = Win8 OEM RO Release|x64
		{3556F5BC-F8EC-437E-93E3-7CF2DC63FF61}.OEM RO Release Win8 driver|x64.Deploy.0 = Win8 OEM RO Release|x64
		{3556F5BC-F8EC-437E-93E3-7CF2DC63FF61}.OEM RO Release Win8 driver|x86.ActiveCfg = Win8 OEM RO Release|Win32
		{3556F5BC-F8EC-437E-93E3-7CF2DC63FF61}.OEM RO Release Win8 driver|x86.Build.0 = Win8 OEM RO Release|Win32
		{3556F5BC-F8EC-437E-93E3-7CF2DC63FF61}.OEM RO Release Win8 driver|x86.Deploy.0 = Win8 OEM RO Release|Win32
		{3556F5BC-F8EC-437E-93E3-7CF2DC63FF61}.OEM RO Release|ARM64.ActiveCfg = Win7 OEM RO Release|ARM64
		{3556F5BC-F8EC-437E-93E3-7CF2DC63FF61}.OEM RO Release|x64.ActiveCfg = Win7 OEM RO Release|x64
		{3556F5BC-F8EC-437E-93E3-7CF2DC63FF61}.OEM RO Release|x64.Build.0 = Win7 OEM RO Release|x64
		{3556F5BC-F8EC-437E-93E3-7CF2DC63FF61}.OEM RO Release|x64.Deploy.0 = Win7 OEM RO Release|x64
		{3556F5BC-F8EC-437E-93E3-7CF2DC63FF61}.OEM RO Release|x86.ActiveCfg = Win7 OEM RO Release|Win32
		{3556F5BC-F8EC-437E-93E3-7CF2DC63FF61}.OEM RO Release|x86.Build.0 = Win7 OEM RO Release|Win32
		{3556F5BC-F8EC-437E-93E3-7CF2DC63FF61}.OEM RO Release|x86.Deploy.0 = Win7 OEM RO Release|Win32
		{3556F5BC-F8EC-437E-93E3-7CF2DC63FF61}.Release No AirPcap|ARM64.ActiveCfg = Win7 Release|ARM64
		{3556F5BC-F8EC-437E-93E3-7CF2DC63FF61}.Release No AirPcap|x64.ActiveCfg = Win7 Release|x64
		{3556F5BC-F8EC-437E-93E3-7CF2DC63FF61}.Release No AirPcap|x64.Build.0 = Win7 Release|x64
		{3556F5BC-F8EC-437E-93E3-7CF2DC63FF61}.Release No AirPcap|x64.Deploy.0 = Win7 Release|x64
		{3556F5BC-F8EC-437E-93E3-7CF2DC63FF61}.Release No AirPcap|x86.ActiveCfg = Win7 Release|Win32
		{3556F5BC-F8EC-437E-93E3-7CF2DC63FF61}.Release No AirPcap|x86.Build.0 = Win7 Release|Win32
		{3556F5BC-F8EC-437E-93E3-7CF2DC63FF61}.Release No AirPcap|x86.Deploy.0 = Win7 Release|Win32
		{3556F5BC-F8EC-437E-93E3-7CF2DC63FF61}.Release Win10 driver|ARM64.ActiveCfg = Win10 Release|ARM64
		{3556F5BC-F8EC-437E-93E3-7CF2DC63FF61}.Release Win10 driver|ARM64.Build.0 = Win10 Release|ARM64
		{3556F5BC-F8EC-437E-93E3-7CF2DC63FF61}.Release Win10 driver|ARM64.Deploy.0 = Win10 Release|ARM64
		{3556F5BC-F8EC-437E-93E3-7CF2DC63FF61}.Release Win10 driver|x64.ActiveCfg = Win10 Release|x64
		{3556F5BC-F8EC-437E-93E3-7CF2DC63FF61}.Release Win10 driver|x64.Build.0 = Win10 Release|x64
		{3556F5BC-F8EC-437E-93E3-7CF2DC63FF61}.Release Win10 driver|x64.Deploy.0 = Win10 Release|x64
		{3556F5BC-F8EC-437E-93E3-7CF2DC63FF61}.Release Win10 driver|x86.ActiveCfg = Win10 Release|Win32
		{3556F5BC-F8EC-437E-93E3-7CF2DC63FF61}.Release Win10 driver|x86.Build.0 = Win10 Release|Win32
		{3556F5BC-F8EC-437E-93E3-7CF2DC63FF61}.Release Win10 driver|x86.Deploy.0 = Win10 Release|Win32
		{3556F5BC-F8EC-437E-93E3-7CF2DC63FF61}.Release Win8 driver|ARM64.ActiveCfg = Win8 Release|ARM64
		{3556F5BC-F8EC-437E-93E3-7CF2DC63FF61}.Release Win8 driver|x64.ActiveCfg = Win8 Release|x64
		{3556F5BC-F8EC-437E-93E3-7CF2DC63FF61}.Release Win8 driver|x64.Build.0 = Win8 Release|x64
		{3556F5BC-F8EC-437E-93E3-7CF2DC63FF61}.Release Win8 driver|x64.Deploy.0 = Win8 Release|x64
		{3556F5BC-F8EC-437E-93E3-7CF2DC63FF61}.Release Win8 driver|x86.ActiveCfg = Win8 Release|Win32
		{3556F5BC-F8EC-437E-93E3-7CF2DC63FF61}.Release Win8 driver|x86.Build.0 = Win8 Release|Win32
		{3556F5BC-F8EC-437E-93E3-7CF2DC63FF61}.Release Win8 driver|x86.Deploy.0 = Win8 Release|Win32
		{3556F5BC-F8EC-437E-93E3-7CF2DC63FF61}.Release|ARM64.ActiveCfg = Win7 Release|ARM64
		{3556F5BC-F8EC-437E-93E3-7CF2DC63FF61}.Release|x64.ActiveCfg = Win7 Release|x64
		{3556F5BC-F8EC-437E-93E3-7CF2DC63FF61}.Release|x64.Build.0 = Win7 Release|x64
		{3556F5BC-F8EC-437E-93E3-7CF2DC63FF61}.Release|x64.Deploy.0 = Win7 Release|x64
		{3556F5BC-F8EC-437E-93E3-7CF2DC63FF61}.Release|x86.ActiveCfg = Win7 Release|Win32
		{3556F5BC-F8EC-437E-93E3-7CF2DC63FF61}.Release|x86.Build.0 = Win7 Release|Win32
		{3556F5BC-F8EC-437E-93E3-7CF2DC63FF61}.Release|x86.Deploy.0 = Win7 Release|Win32
		{1A6BC1F1-F16A-4653-B787-FAF5A0E50229}.Debug No AirPcap|ARM64.ActiveCfg = Win7 Debug|ARM64
		{1A6BC1F1-F16A-4653-B787-FAF5A0E50229}.Debug No AirPcap|x64.ActiveCfg = Win7 Debug|x64
		{1A6BC1F1-F16A-4653-B787-FAF5A0E50229}.Debug No AirPcap|x64.Build.0 = Win7 Debug|x64
		{1A6BC1F1-F16A-4653-B787-FAF5A0E50229}.Debug No AirPcap|x64.Deploy.0 = Win7 Debug|x64
		{1A6BC1F1-F16A-4653-B787-FAF5A0E50229}.Debug No AirPcap|x86.ActiveCfg = Win7 Debug|Win32
		{1A6BC1F1-F16A-4653-B787-FAF5A0E50229}.Debug No AirPcap|x86.Build.0 = Win7 Debug|Win32
		{1A6BC1F1-F16A-4653-B787-FAF5A0E50229}.Debug No AirPcap|x86.Deploy.0 = Win7 Debug|Win32
		{1A6BC1F1-F16A-4653-B787-FAF5A0E50229}.Debug Win10 driver|ARM64.ActiveCfg = Win10 Debug|ARM64
		{1A6BC1F1-F16A-4653-B787-FAF5A0E50229}.Debug Win10 driver|ARM64.Build.0 = Win10 Debug|ARM64
		{1A6BC1F1-F16A-4653-B787-FAF5A0E50229}.Debug Win10 driver|ARM64.Deploy.0 = Win10 Debug|ARM64
		{1A6BC1F1-F16A-4653-B787-FAF5A0E50229}.Debug Win10 driver|x64.ActiveCfg = Win10 Debug|x64
		{1A6BC1F1-F16A-4653-B787-FAF5A0E50229}.Debug Win10 driver|x64.Build.0 = Win10 Debug|x64
		{1A6BC1F1-F16A-4653-B787-FAF5A0E50229}.Debug Win10 driver|x64.Deploy.0 = Win10 Debug|x64
		{1A6BC1F1-F16A-4653-B787-FAF5A0E50229}.Debug Win10 driver|x86.ActiveCfg = Win10 Debug|Win32
		{1A6BC1F1-F16A-4653-B787-FAF5A0E50229}.Debug Win10 driver|x86.Build.0 = Win10 Debug|Win32
		{1A6BC1F1-F16A-4653-B787-FAF5A0E50229}.Debug Win10 driver|x86.Deploy.0 = Win10 Debug|Win32
		{1A6BC1F1-F16A-4653-B787-FAF5A0E50229}.Debug Win8 driver|ARM64.ActiveCfg = Win8 Release|ARM64
		{1A6BC1F1-F16A-4653-B787-FAF5A0E50229}.Debug Win8 driver|x64.ActiveCfg = Win8 Debug|x64
		{1A6BC1F1-F16A-4653-B787-FAF5A0E50229}.Debug Win8 driver|x64.Build.0 = Win8 Debug|x64
		{1A6BC1F1-F16A-4653-B787-FAF5A0E50229}.Debug Win8 driver|x64.Deploy.0 = Win8 Debug|x64
		{1A6BC1F1-F16A-4653-B787-FAF5A0E50229}.Debug Win8 driver|x86.ActiveCfg = Win8 Debug|Win32
		{1A6BC1F1-F16A-4653-B787-FAF5A0E50229}.Debug Win8 driver|x86.Build.0 = Win8 Debug|Win32
		{1A6BC1F1-F16A-4653-B787-FAF5A0E50229}.Debug Win8 driver|x86.Deploy.0 = Win8 Debug|Win32
		{1A6BC1F1-F16A-4653-B787-FAF5A0E50229}.Debug|ARM64.ActiveCfg = Win7 Debug|ARM64
		{1A6BC1F1-F16A-4653-B787-FAF5A0E50229}.Debug|x64.ActiveCfg = Win7 Debug|x64
		{1A6BC1F1-F16A-4653-B787-FAF5A0E50229}.Debug|x64.Build.0 = Win7 Debug|x64
		{1A6BC1F1-F16A-4653-B787-FAF5A0E50229}.Debug|x64.Deploy.0 = Win7 Debug|x64
		{1A6BC1F1-F16A-4653-B787-FAF5A0E50229}.Debug|x86.ActiveCfg = Win7 Debug|Win32
		{1A6BC1F1-F16A-4653-B787-FAF5A0E50229}.Debug|x86.Build.0 = Win7 Debug|Win32
		{1A6BC1F1-F16A-4653-B787-FAF5A0E50229}.Debug|x86.Deploy.0 = Win7 Debug|Win32
		{1A6BC1F1-F16A-4653-B787-FAF5A0E50229}.OEM Debug Win10 driver|ARM64.ActiveCfg = Win10 OEM Debug|ARM64
		{1A6BC1F1-F16A-4653-B787-FAF5A0E50229}.OEM Debug Win10 driver|ARM64.Build.0 = Win10 OEM Debug|ARM64
		{1A6BC1F1-F16A-4653-B787-FAF5A0E50229}.OEM Debug Win10 driver|ARM64.Deploy.0 = Win10 OEM Debug|ARM64
		{1A6BC1F1-F16A-4653-B787-FAF5A0E50229}.OEM Debug Win10 driver|x64.ActiveCfg = Win10 OEM Debug|x64
		{1A6BC1F1-F16A-4653-B787-FAF5A0E50229}.OEM Debug Win10 driver|x64.Build.0 = Win10 OEM Debug|x64
		{1A6BC1F1-F16A-4653-B787-FAF5A0E50229}.OEM Debug Win10 driver|x64.Deploy.0 = Win10 OEM Debug|x64
		{1A6BC1F1-F16A-4653-B787-FAF5A0E50229}.OEM Debug Win10 driver|x86.ActiveCfg = Win10 OEM Debug|Win32
		{1A6BC1F1-F16A-4653-B787-FAF5A0E50229}.OEM Debug Win10 driver|x86.Build.0 = Win10 OEM Debug|Win32
		{1A6BC1F1-F16A-4653-B787-FAF5A0E50229}.OEM Debug Win10 driver|x86.Deploy.0 = Win10 OEM Debug|Win32
		{1A6BC1F1-F16A-4653-B787-FAF5A0E50229}.OEM Debug|ARM64.ActiveCfg = Win7 OEM Debug|ARM64
		{1A6BC1F1-F16A-4653-B787-FAF5A0E50229}.OEM Debug|x64.ActiveCfg = Win7 OEM Debug|x64
		{1A6BC1F1-F16A-4653-B787-FAF5A0E50229}.OEM Debug|x86.ActiveCfg = Win7 OEM Debug|Win32
		{1A6BC1F1-F16A-4653-B787-FAF5A0E50229}.OEM Release Win10 driver|ARM64.ActiveCfg = Win10 OEM Release|ARM64
		{1A6BC1F1-F16A-4653-B787-FAF5A0E50229}.OEM Release Win10 driver|ARM64.Build.0 = Win10 OEM Release|ARM64
		{1A6BC1F1-F16A-4653-B787-FAF5A0E50229}.OEM Release Win10 driver|ARM64.Deploy.0 = Win10 OEM Release|ARM64
		{1A6BC1F1-F16A-4653-B787-FAF5A0E50229}.OEM Release Win10 driver|x64.ActiveCfg = Win10 OEM Release|x64
		{1A6BC1F1-F16A-4653-B787-FAF5A0E50229}.OEM Release Win10 driver|x64.Build.0 = Win10 OEM Release|x64
		{1A6BC1F1-F16A-4653-B787-FAF5A0E50229}.OEM Release Win10 driver|x64.Deploy.0 = Win10 OEM Release|x64
		{1A6BC1F1-F16A-4653-B787-FAF5A0E50229}.OEM Release Win10 driver|x86.ActiveCfg = Win10 OEM Release|Win32
		{1A6BC1F1-F16A-4653-B787-FAF5A0E50229}.OEM Release Win10 driver|x86.Build.0 = Win10 OEM Release|Win32
		{1A6BC1F1-F16A-4653-B787-FAF5A0E50229}.OEM Release Win10 driver|x86.Deploy.0 = Win10 OEM Release|Win32
		{1A6BC1F1-F16A-4653-B787-FAF5A0E50229}.OEM Release Win8 driver|ARM64.ActiveCfg = Win8 OEM Release|ARM64
		{1A6BC1F1-F16A-4653-B787-FAF5A0E50229}.OEM Release Win8 driver|x64.ActiveCfg = Win8 OEM Release|x64
		{1A6BC1F1-F16A-4653-B787-FAF5A0E50229}.OEM Release Win8 driver|x64.Build.0 = Win8 OEM Release|x64
		{1A6BC1F1-F16A-4653-B787-FAF5A0E50229}.OEM Release Win8 driver|x64.Deploy.0 = Win8 OEM Release|x64
		{1A6BC1F1-F16A-4653-B787-FAF5A0E50229}.OEM Release Win8 driver|x86.ActiveCfg = Win8 OEM Release|Win32
		{1A6BC1F1-F16A-4653-B787-FAF5A0E50229}.OEM Release Win8 driver|x86.Build.0 = Win8 OEM Release|Win32
		{1A6BC1F1-F16A-4653-B787-FAF5A0E50229}.OEM Release Win8 driver|x86.Deploy.0 = Win8 OEM Release|Win32
		{1A6BC1F1-F16A-4653-B787-FAF5A0E50229}.OEM Release|ARM64.ActiveCfg = Win7 OEM Release|ARM64
		{1A6BC1F1-F16A-4653-B787-FAF5A0E50229}.OEM Release|x64.ActiveCfg = Win7 OEM Release|x64
		{1A6BC1F1-F16A-4653-B787-FAF5A0E50229}.OEM Release|x86.ActiveCfg = Win7 OEM Release|Win32
		{1A6BC1F1-F16A-4653-B787-FAF5A0E50229}.OEM RO Release Win10 driver|ARM64.ActiveCfg = Win10 OEM RO Release|ARM64
		{1A6BC1F1-F16A-4653-B787-FAF5A0E50229}.OEM RO Release Win10 driver|ARM64.Build.0 = Win10 OEM RO Release|ARM64
		{1A6BC1F1-F16A-4653-B787-FAF5A0E50229}.OEM RO Release Win10 driver|ARM64.Deploy.0 = Win10 OEM RO Release|ARM64
		{1A6BC1F1-F16A-4653-B787-FAF5A0E50229}.OEM RO Release Win10 driver|x64.ActiveCfg = Win10 OEM RO Release|x64
		{1A6BC1F1-F16A-4653-B787-FAF5A0E50229}.OEM RO Release Win10 driver|x64.Build.0 = Win10 OEM RO Release|x64
		{1A6BC1F1-F16A-4653-B787-FAF5A0E50229}.OEM RO Release Win10 driver|x64.Deploy.0 = Win10 OEM RO Release|x64
		{1A6BC1F1-F16A-4653-B787-FAF5A0E50229}.OEM RO Release Win10 driver|x86.ActiveCfg = Win10 OEM RO Release|Win32
		{1A6BC1F1-F16A-4653-B787-FAF5A0E50229}.OEM RO Release Win10 driver|x86.Build.0 = Win10 OEM RO Release|Win32
		{1A6BC1F1-F16A-4653-B787-FAF5A0E50229}.OEM RO Release Win10 driver|x86.Deploy.0 = Win10 OEM RO Release|Win32
		{1A6BC1F1-F16A-4653-B787-FAF5A0E50229}.OEM RO Release Win8 driver|ARM64.ActiveCfg = Win8 OEM RO Release|ARM64
		{1A6BC1F1-F16A-4653-B787-FAF5A0E50229}.OEM RO Release Win8 driver|x64.ActiveCfg = Win8 OEM RO Release|x64
		{1A6BC1F1-F16A-4653-B787-FAF5A0E50229}.OEM RO Release Win8 driver|x64.Build.0 = Win8 OEM RO Release|x64
		{1A6BC1F1-F16A-4653-B787-FAF5A0E50229}.OEM RO Release Win8 driver|x64.Deploy.0 = Win8 OEM RO Release|x64
		{1A6BC1F1-F16A-4653-B787-FAF5A0E50229}.OEM RO Release Win8 driver|x86.ActiveCfg = Win8 OEM RO Release|Win32
		{1A6BC1F1-F16A-4653-B787-FAF5A0E50229}.OEM RO Release Win8 driver|x86.Build.0 = Win8 OEM RO Release|Win32
		{1A6BC1F1-F16A-4653-B787-FAF5A0E50229}.OEM RO Release Win8 driver|x86.Deploy.0 = Win8 OEM RO Release|Win32
		{1A6BC1F1-F16A-4653-B787-FAF5A0E50229}.OEM RO Release|ARM64.ActiveCfg = Win7 OEM RO Release|ARM64
		{1A6BC1F1-F16A-4653-B787-FAF5A0E50229}.OEM RO Release|x64.ActiveCfg = Win7 OEM RO Release|x64
		{1A6BC1F1-F16A-4653-B787-FAF5A0E50229}.OEM RO Release|x64.Build.0 = Win7 OEM RO Release|x64
		{1A6BC1F1-F16A-4653-B787-FAF5A0E50229}.OEM RO Release|x64.Deploy.0 = Win7 OEM RO Release|x64
		{1A6BC1F1-F16A-4653-B787-FAF5A0E50229}.OEM RO Release|x86.ActiveCfg = Win7 OEM RO Release|Win32
		{1A6BC1F1-F16A-4653-B787-FAF5A0E50229}.OEM RO Release|x86.Build.0 = Win7 OEM RO Release|Win32
		{1A6BC1F1-F16A-4653-B787-FAF5A0E50229}.OEM RO Release|x86.Deploy.0 = Win7 OEM RO Release|Win32
		{1A6BC1F1-F16A-4653-B787-FAF5A0E50229}.Release No AirPcap|ARM64.ActiveCfg = Win7 Release|ARM64
		{1A6BC1F1-F16A-4653-B787-FAF5A0E50229}.Release No AirPcap|x64.ActiveCfg = Win7 Release|x64
		{1A6BC1F1-F16A-4653-B787-FAF5A0E50229}.Release No AirPcap|x64.Build.0 = Win7 Release|x64
		{1A6BC1F1-F16A-4653-B787-FAF5A0E50229}.Release No AirPcap|x64.Deploy.0 = Win7 Release|x64
		{1A6BC1F1-F16A-4653-B787-FAF5A0E50229}.Release No AirPcap|x86.ActiveCfg = Win7 Release|Win32
		{1A6BC1F1-F16A-4653-B787-FAF5A0E50229}.Release No AirPcap|x86.Build.0 = Win7 Release|Win32
		{1A6BC1F1-F16A-4653-B787-FAF5A0E50229}.Release No AirPcap|x86.Deploy.0 = Win7 Release|Win32
		{1A6BC1F1-F16A-4653-B787-FAF5A0E50229}.Release Win10 driver|ARM64.ActiveCfg = Win10 Release|ARM64
		{1A6BC1F1-F16A-4653-B787-FAF5A0E50229}.Release Win10 driver|ARM64.Build.0 = Win10 Release|ARM64
		{1A6BC1F1-F16A-4653-B787-FAF5A0E50229}.Release Win10 driver|ARM64.Deploy.0 = Win10 Release|ARM64
		{1A6BC1F1-F16A-4653-B787-FAF5A0E50229}.Release Win10 driver|x64.ActiveCfg = Win10 Release|x64
		{1A6BC1F1-F16A-4653-B787-FAF5A0E50229}.Release Win10 driver|x64.Build.0 = Win10 Release|x64
		{1A6BC1F1-F16A-4653-B787-FAF5A0E50229}.Release Win10 driver|x64.Deploy.0 = Win10 Release|x64
		{1A6BC1F1-F16A-4653-B787-FAF5A0E50229}.Release Win10 driver|x86.ActiveCfg = Win10 Release|Win32
		{1A6BC1F1-F16A-4653-B787-FAF5A0E50229}.Release Win10 driver|x86.Build.0 = Win10 Release|Win32
		{1A6BC1F1-F16A-4653-B787-FAF5A0E50229}.Release Win10 driver|x86.Deploy.0 = Win10 Release|Win32
		{1A6BC1F1-F16A-4653-B787-FAF5A0E50229}.Release Win8 driver|ARM64.ActiveCfg = Win8 Release|ARM64
		{1A6BC1F1-F16A-4653-B787-FAF5A0E50229}.Release Win8 driver|x64.ActiveCfg = Win8 Release|x64
		{1A6BC1F1-F16A-4653-B787-FAF5A0E50229}.Release Win8 driver|x64.Build.0 = Win8 Release|x64
		{1A6BC1F1-F16A-4653-B787-FAF5A0E50229}.Release Win8 driver|x64.Deploy.0 = Win8 Release|x64
		{1A6BC1F1-F16A-4653-B787-FAF5A0E50229}.Release Win8 driver|x86.ActiveCfg = Win8 Release|Win32
		{1A6BC1F1-F16A-4653-B787-FAF5A0E50229}.Release Win8 driver|x86.Build.0 = Win8 Release|Win32
		{1A6BC1F1-F16A-4653-B787-FAF5A0E50229}.Release Win8 driver|x86.Deploy.0 = Win8 Release|Win32
		{1A6BC1F1-F16A-4653-B787-FAF5A0E50229}.Release|ARM64.ActiveCfg = Win7 Release|ARM64
		{1A6BC1F1-F16A-4653-B787-FAF5A0E50229}.Release|x64.ActiveCfg = Win7 Release|x64
		{1A6BC1F1-F16A-4653-B787-FAF5A0E50229}.Release|x64.Build.0 = Win7 Release|x64
		{1A6BC1F1-F16A-4653-B787-FAF5A0E50229}.Release|x64.Deploy.0 = Win7 Release|x64
		{1A6BC1F1-F16A-4653-B787-FAF5A0E50229}.Release|x86.ActiveCfg = Win7 Release|Win32
		{1A6BC1F1-F16A-4653-B787-FAF5A0E50229}.Release|x86.Build.0 = Win7 Release|Win32
		{1A6BC1F1-F16A-4653-B787-FAF5A0E50229}.Release|x86.Deploy.0 = Win7 Release|Win32
		{17D62EEB-EABF-4D94-B1FF-BCDAAFA7DA52}.Debug No AirPcap|ARM64.ActiveCfg = Debug No AirPcap|ARM64
		{17D62EEB-EABF-4D94-B1FF-BCDAAFA7DA52}.Debug No AirPcap|ARM64.Build.0 = Debug No AirPcap|ARM64
		{17D62EEB-EABF-4D94-B1FF-BCDAAFA7DA52}.Debug No AirPcap|x64.ActiveCfg = Debug No AirPcap|x64
		{17D62EEB-EABF-4D94-B1FF-BCDAAFA7DA52}.Debug No AirPcap|x64.Build.0 = Debug No AirPcap|x64
		{17D62EEB-EABF-4D94-B1FF-BCDAAFA7DA52}.Debug No AirPcap|x86.ActiveCfg = Debug No AirPcap|Win32
		{17D62EEB-EABF-4D94-B1FF-BCDAAFA7DA52}.Debug No AirPcap|x86.Build.0 = Debug No AirPcap|Win32
		{17D62EEB-EABF-4D94-B1FF-BCDAAFA7DA52}.Debug Win10 driver|ARM64.ActiveCfg = Release|ARM64
		{17D62EEB-EABF-4D94-B1FF-BCDAAFA7DA52}.Debug Win10 driver|x64.ActiveCfg = Release|x64
		{17D62EEB-EABF-4D94-B1FF-BCDAAFA7DA52}.Debug Win10 driver|x86.ActiveCfg = Release|Win32
		{17D62EEB-EABF-4D94-B1FF-BCDAAFA7DA52}.Debug Win8 driver|ARM64.ActiveCfg = Release|ARM64
		{17D62EEB-EABF-4D94-B1FF-BCDAAFA7DA52}.Debug Win8 driver|x64.ActiveCfg = Release|x64
		{17D62EEB-EABF-4D94-B1FF-BCDAAFA7DA52}.Debug Win8 driver|x86.ActiveCfg = Release|Win32
		{17D62EEB-EABF-4D94-B1FF-BCDAAFA7DA52}.Debug|ARM64.ActiveCfg = Debug No AirPcap|ARM64
		{17D62EEB-EABF-4D94-B1FF-BCDAAFA7DA52}.Debug|ARM64.Build.0 = Debug No AirPcap|ARM64
		{17D62EEB-EABF-4D94-B1FF-BCDAAFA7DA52}.Debug|x64.ActiveCfg = Debug|x64
		{17D62EEB-EABF-4D94-B1FF-BCDAAFA7DA52}.Debug|x64.Build.0 = Debug|x64
		{17D62EEB-EABF-4D94-B1FF-BCDAAFA7DA52}.Debug|x86.ActiveCfg = Debug|Win32
		{17D62EEB-EABF-4D94-B1FF-BCDAAFA7DA52}.Debug|x86.Build.0 = Debug|Win32
		{17D62EEB-EABF-4D94-B1FF-BCDAAFA7DA52}.OEM Debug Win10 driver|ARM64.ActiveCfg = OEM Debug|ARM64
		{17D62EEB-EABF-4D94-B1FF-BCDAAFA7DA52}.OEM Debug Win10 driver|x64.ActiveCfg = Release|x64
		{17D62EEB-EABF-4D94-B1FF-BCDAAFA7DA52}.OEM Debug Win10 driver|x86.ActiveCfg = Release|Win32
		{17D62EEB-EABF-4D94-B1FF-BCDAAFA7DA52}.OEM Debug|ARM64.ActiveCfg = OEM Debug No AirPcap|ARM64
		{17D62EEB-EABF-4D94-B1FF-BCDAAFA7DA52}.OEM Debug|ARM64.Build.0 = OEM Debug No AirPcap|ARM64
		{17D62EEB-EABF-4D94-B1FF-BCDAAFA7DA52}.OEM Debug|x64.ActiveCfg = OEM Debug|x64
		{17D62EEB-EABF-4D94-B1FF-BCDAAFA7DA52}.OEM Debug|x64.Build.0 = OEM Debug|x64
		{17D62EEB-EABF-4D94-B1FF-BCDAAFA7DA52}.OEM Debug|x86.ActiveCfg = OEM Debug|Win32
		{17D62EEB-EABF-4D94-B1FF-BCDAAFA7DA52}.OEM Debug|x86.Build.0 = OEM Debug|Win32
		{17D62EEB-EABF-4D94-B1FF-BCDAAFA7DA52}.OEM Release Win10 driver|ARM64.ActiveCfg = OEM Release|ARM64
		{17D62EEB-EABF-4D94-B1FF-BCDAAFA7DA52}.OEM Release Win10 driver|x64.ActiveCfg = Release|x64
		{17D62EEB-EABF-4D94-B1FF-BCDAAFA7DA52}.OEM Release Win10 driver|x86.ActiveCfg = Release|Win32
		{17D62EEB-EABF-4D94-B1FF-BCDAAFA7DA52}.OEM Release Win8 driver|ARM64.ActiveCfg = OEM Release|ARM64
		{17D62EEB-EABF-4D94-B1FF-BCDAAFA7DA52}.OEM Release Win8 driver|x64.ActiveCfg = Release|x64
		{17D62EEB-EABF-4D94-B1FF-BCDAAFA7DA52}.OEM Release Win8 driver|x86.ActiveCfg = Release|Win32
		{17D62EEB-EABF-4D94-B1FF-BCDAAFA7DA52}.OEM Release|ARM64.ActiveCfg = OEM Release No AirPcap|ARM64
		{17D62EEB-EABF-4D94-B1FF-BCDAAFA7DA52}.OEM Release|ARM64.Build.0 = OEM Release No AirPcap|ARM64
		{17D62EEB-EABF-4D94-B1FF-BCDAAFA7DA52}.OEM Release|x64.ActiveCfg = OEM Release|x64
		{17D62EEB-EABF-4D94-B1FF-BCDAAFA7DA52}.OEM Release|x64.Build.0 = OEM Release|x64
		{17D62EEB-EABF-4D94-B1FF-BCDAAFA7DA52}.OEM Release|x86.ActiveCfg = OEM Release|Win32
		{17D62EEB-EABF-4D94-B1FF-BCDAAFA7DA52}.OEM Release|x86.Build.0 = OEM Release|Win32
		{17D62EEB-EABF-4D94-B1FF-BCDAAFA7DA52}.OEM RO Release Win10 driver|ARM64.ActiveCfg = Release|ARM64
		{17D62EEB-EABF-4D94-B1FF-BCDAAFA7DA52}.OEM RO Release Win10 driver|x64.ActiveCfg = Release|x64
		{17D62EEB-EABF-4D94-B1FF-BCDAAFA7DA52}.OEM RO Release Win10 driver|x86.ActiveCfg = Release|Win32
		{17D62EEB-EABF-4D94-B1FF-BCDAAFA7DA52}.OEM RO Release Win8 driver|ARM64.ActiveCfg = Release|ARM64
		{17D62EEB-EABF-4D94-B1FF-BCDAAFA7DA52}.OEM RO Release Win8 driver|x64.ActiveCfg = Release|x64
		{17D62EEB-EABF-4D94-B1FF-BCDAAFA7DA52}.OEM RO Release Win8 driver|x86.ActiveCfg = Release|Win32
		{17D62EEB-EABF-4D94-B1FF-BCDAAFA7DA52}.OEM RO Release|ARM64.ActiveCfg = OEM Release No AirPcap|ARM64
		{17D62EEB-EABF-4D94-B1FF-BCDAAFA7DA52}.OEM RO Release|ARM64.Build.0 = OEM Release No AirPcap|ARM64
		{17D62EEB-EABF-4D94-B1FF-BCDAAFA7DA52}.OEM RO Release|x64.ActiveCfg = OEM Release|x64
		{17D62EEB-EABF-4D94-B1FF-BCDAAFA7DA52}.OEM RO Release|x64.Build.0 = OEM Release|x64
		{17D62EEB-EABF-4D94-B1FF-BCDAAFA7DA52}.OEM RO Release|x86.ActiveCfg = OEM Release|Win32
		{17D62EEB-EABF-4D94-B1FF-BCDAAFA7DA52}.OEM RO Release|x86.Build.0 = OEM Release|Win32
		{17D62EEB-EABF-4D94-B1FF-BCDAAFA7DA52}.Release No AirPcap|ARM64.ActiveCfg = Release No AirPcap|ARM64
		{17D62EEB-EABF-4D94-B1FF-BCDAAFA7DA52}.Release No AirPcap|ARM64.Build.0 = Release No AirPcap|ARM64
		{17D62EEB-EABF-4D94-B1FF-BCDAAFA7DA52}.Release No AirPcap|x64.ActiveCfg = Release No AirPcap|x64
		{17D62EEB-EABF-4D94-B1FF-BCDAAFA7DA52}.Release No AirPcap|x64.Build.0 = Release No AirPcap|x64
		{17D62EEB-EABF-4D94-B1FF-BCDAAFA7DA52}.Release No AirPcap|x86.ActiveCfg = Release No AirPcap|Win32
		{17D62EEB-EABF-4D94-B1FF-BCDAAFA7DA52}.Release No AirPcap|x86.Build.0 = Release No AirPcap|Win32
		{17D62EEB-EABF-4D94-B1FF-BCDAAFA7DA52}.Release Win10 driver|ARM64.ActiveCfg = Release|ARM64
		{17D62EEB-EABF-4D94-B1FF-BCDAAFA7DA52}.Release Win10 driver|x64.ActiveCfg = Release|x64
		{17D62EEB-EABF-4D94-B1FF-BCDAAFA7DA52}.Release Win10 driver|x86.ActiveCfg = Release|Win32
		{17D62EEB-EABF-4D94-B1FF-BCDAAFA7DA52}.Release Win8 driver|ARM64.ActiveCfg = Release|ARM64
		{17D62EEB-EABF-4D94-B1FF-BCDAAFA7DA52}.Release Win8 driver|x64.ActiveCfg = Release|x64
		{17D62EEB-EABF-4D94-B1FF-BCDAAFA7DA52}.Release Win8 driver|x86.ActiveCfg = Release|Win32
		{17D62EEB-EABF-4D94-B1FF-BCDAAFA7DA52}.Release|ARM64.ActiveCfg = Release No AirPcap|ARM64
		{17D62EEB-EABF-4D94-B1FF-BCDAAFA7DA52}.Release|ARM64.Build.0 = Release No AirPcap|ARM64
		{17D62EEB-EABF-4D94-B1FF-BCDAAFA7DA52}.Release|x64.ActiveCfg = Release|x64
		{17D62EEB-EABF-4D94-B1FF-BCDAAFA7DA52}.Release|x64.Build.0 = Release|x64
		{17D62EEB-EABF-4D94-B1FF-BCDAAFA7DA52}.Release|x86.ActiveCfg = Release|Win32
		{17D62EEB-EABF-4D94-B1FF-BCDAAFA7DA52}.Release|x86.Build.0 = Release|Win32
		{917BE5CC-CE5E-4476-A9E7-3B1F96E9FC43}.Debug No AirPcap|ARM64.ActiveCfg = Debug|ARM64
		{917BE5CC-CE5E-4476-A9E7-3B1F96E9FC43}.Debug No AirPcap|ARM64.Build.0 = Debug|ARM64
		{917BE5CC-CE5E-4476-A9E7-3B1F96E9FC43}.Debug No AirPcap|x64.ActiveCfg = Debug|x64
		{917BE5CC-CE5E-4476-A9E7-3B1F96E9FC43}.Debug No AirPcap|x64.Build.0 = Debug|x64
		{917BE5CC-CE5E-4476-A9E7-3B1F96E9FC43}.Debug No AirPcap|x86.ActiveCfg = Debug|Win32
		{917BE5CC-CE5E-4476-A9E7-3B1F96E9FC43}.Debug No AirPcap|x86.Build.0 = Debug|Win32
		{917BE5CC-CE5E-4476-A9E7-3B1F96E9FC43}.Debug Win10 driver|ARM64.ActiveCfg = Release|ARM64
		{917BE5CC-CE5E-4476-A9E7-3B1F96E9FC43}.Debug Win10 driver|x64.ActiveCfg = Release|x64
		{917BE5CC-CE5E-4476-A9E7-3B1F96E9FC43}.Debug Win10 driver|x86.ActiveCfg = Release|Win32
		{917BE5CC-CE5E-4476-A9E7-3B1F96E9FC43}.Debug Win8 driver|ARM64.ActiveCfg = Release|ARM64
		{917BE5CC-CE5E-4476-A9E7-3B1F96E9FC43}.Debug Win8 driver|x64.ActiveCfg = Release|x64
		{917BE5CC-CE5E-4476-A9E7-3B1F96E9FC43}.Debug Win8 driver|x86.ActiveCfg = Release|Win32
		{917BE5CC-CE5E-4476-A9E7-3B1F96E9FC43}.Debug|ARM64.ActiveCfg = Debug|ARM64
		{917BE5CC-CE5E-4476-A9E7-3B1F96E9FC43}.Debug|ARM64.Build.0 = Debug|ARM64
		{917BE5CC-CE5E-4476-A9E7-3B1F96E9FC43}.Debug|x64.ActiveCfg = Debug|x64
		{917BE5CC-CE5E-4476-A9E7-3B1F96E9FC43}.Debug|x64.Build.0 = Debug|x64
		{917BE5CC-CE5E-4476-A9E7-3B1F96E9FC43}.Debug|x86.ActiveCfg = Debug|Win32
		{917BE5CC-CE5E-4476-A9E7-3B1F96E9FC43}.Debug|x86.Build.0 = Debug|Win32
		{917BE5CC-CE5E-4476-A9E7-3B1F96E9FC43}.OEM Debug Win10 driver|ARM64.ActiveCfg = OEM Debug|ARM64
		{917BE5CC-CE5E-4476-A9E7-3B1F96E9FC43}.OEM Debug Win10 driver|x64.ActiveCfg = Release|x64
		{917BE5CC-CE5E-4476-A9E7-3B1F96E9FC43}.OEM Debug Win10 driver|x86.ActiveCfg = Release|Win32
		{917BE5CC-CE5E-4476-A9E7-3B1F96E9FC43}.OEM Debug|ARM64.ActiveCfg = OEM Debug|ARM64
		{917BE5CC-CE5E-4476-A9E7-3B1F96E9FC43}.OEM Debug|x64.ActiveCfg = OEM Debug|x64
		{917BE5CC-CE5E-4476-A9E7-3B1F96E9FC43}.OEM Debug|x86.ActiveCfg = OEM Debug|Win32
		{917BE5CC-CE5E-4476-A9E7-3B1F96E9FC43}.OEM Release Win10 driver|ARM64.ActiveCfg = OEM Release|ARM64
		{917BE5CC-CE5E-4476-A9E7-3B1F96E9FC43}.OEM Release Win10 driver|x64.ActiveCfg = Release|x64
		{917BE5CC-CE5E-4476-A9E7-3B1F96E9FC43}.OEM Release Win10 driver|x86.ActiveCfg = Release|Win32
		{917BE5CC-CE5E-4476-A9E7-3B1F96E9FC43}.OEM Release Win8 driver|ARM64.ActiveCfg = OEM Release|ARM64
		{917BE5CC-CE5E-4476-A9E7-3B1F96E9FC43}.OEM Release Win8 driver|x64.ActiveCfg = Release|x64
		{917BE5CC-CE5E-4476-A9E7-3B1F96E9FC43}.OEM Release Win8 driver|x86.ActiveCfg = Release|Win32
		{917BE5CC-CE5E-4476-A9E7-3B1F96E9FC43}.OEM Release|ARM64.ActiveCfg = OEM Release|ARM64
		{917BE5CC-CE5E-4476-A9E7-3B1F96E9FC43}.OEM Release|x64.ActiveCfg = OEM Release|x64
		{917BE5CC-CE5E-4476-A9E7-3B1F96E9FC43}.OEM Release|x86.ActiveCfg = OEM Release|Win32
		{917BE5CC-CE5E-4476-A9E7-3B1F96E9FC43}.OEM RO Release Win10 driver|ARM64.ActiveCfg = Release|ARM64
		{917BE5CC-CE5E-4476-A9E7-3B1F96E9FC43}.OEM RO Release Win10 driver|x64.ActiveCfg = Release|x64
		{917BE5CC-CE5E-4476-A9E7-3B1F96E9FC43}.OEM RO Release Win10 driver|x86.ActiveCfg = Release|Win32
		{917BE5CC-CE5E-4476-A9E7-3B1F96E9FC43}.OEM RO Release Win8 driver|ARM64.ActiveCfg = Release|ARM64
		{917BE5CC-CE5E-4476-A9E7-3B1F96E9FC43}.OEM RO Release Win8 driver|x64.ActiveCfg = Release|x64
		{917BE5CC-CE5E-4476-A9E7-3B1F96E9FC43}.OEM RO Release Win8 driver|x86.ActiveCfg = Release|Win32
		{917BE5CC-CE5E-4476-A9E7-3B1F96E9FC43}.OEM RO Release|ARM64.ActiveCfg = OEM Release|ARM64
		{917BE5CC-CE5E-4476-A9E7-3B1F96E9FC43}.OEM RO Release|x64.ActiveCfg = OEM Release|x64
		{917BE5CC-CE5E-4476-A9E7-3B1F96E9FC43}.OEM RO Release|x86.ActiveCfg = OEM Release|Win32
		{917BE5CC-CE5E-4476-A9E7-3B1F96E9FC43}.Release No AirPcap|ARM64.ActiveCfg = Release|ARM64
		{917BE5CC-CE5E-4476-A9E7-3B1F96E9FC43}.Release No AirPcap|ARM64.Build.0 = Release|ARM64
		{917BE5CC-CE5E-4476-A9E7-3B1F96E9FC43}.Release No AirPcap|x64.ActiveCfg = Release|x64
		{917BE5CC-CE5E-4476-A9E7-3B1F96E9FC43}.Release No AirPcap|x64.Build.0 = Release|x64
		{917BE5CC-CE5E-4476-A9E7-3B1F96E9FC43}.Release No AirPcap|x86.ActiveCfg = Release|Win32
		{917BE5CC-CE5E-4476-A9E7-3B1F96E9FC43}.Release No AirPcap|x86.Build.0 = Release|Win32
		{917BE5CC-CE5E-4476-A9E7-3B1F96E9FC43}.Release Win10 driver|ARM64.ActiveCfg = Release|ARM64
		{917BE5CC-CE5E-4476-A9E7-3B1F96E9FC43}.Release Win10 driver|x64.ActiveCfg = Release|x64
		{917BE5CC-CE5E-4476-A9E7-3B1F96E9FC43}.Release Win10 driver|x86.ActiveCfg = Release|Win32
		{917BE5CC-CE5E-4476-A9E7-3B1F96E9FC43}.Release Win8 driver|ARM64.ActiveCfg = Release|ARM64
		{917BE5CC-CE5E-4476-A9E7-3B1F96E9FC43}.Release Win8 driver|x64.ActiveCfg = Release|x64
		{917BE5CC-CE5E-4476-A9E7-3B1F96E9FC43}.Release Win8 driver|x86.ActiveCfg = Release|Win32
		{917BE5CC-CE5E-4476-A9E7-3B1F96E9FC43}.Release|ARM64.ActiveCfg = Release|ARM64
		{917BE5CC-CE5E-4476-A9E7-3B1F96E9FC43}.Release|ARM64.Build.0 = Release|ARM64
		{917BE5CC-CE5E-4476-A9E7-3B1F96E9FC43}.Release|x64.ActiveCfg = Release|x64
		{917BE5CC-CE5E-4476-A9E7-3B1F96E9FC43}.Release|x64.Build.0 = Release|x64
		{917BE5CC-CE5E-4476-A9E7-3B1F96E9FC43}.Release|x86.ActiveCfg = Release|Win32
		{917BE5CC-CE5E-4476-A9E7-3B1F96E9FC43}.Release|x86.Build.0 = Release|Win32
		{044CB4DC-827D-4134-B14B-DE114E884BB9}.Debug No AirPcap|ARM64.ActiveCfg = Debug|ARM64
		{044CB4DC-827D-4134-B14B-DE114E884BB9}.Debug No AirPcap|ARM64.Build.0 = Debug|ARM64
		{044CB4DC-827D-4134-B14B-DE114E884BB9}.Debug No AirPcap|x64.ActiveCfg = Debug|x64
		{044CB4DC-827D-4134-B14B-DE114E884BB9}.Debug No AirPcap|x64.Build.0 = Debug|x64
		{044CB4DC-827D-4134-B14B-DE114E884BB9}.Debug No AirPcap|x86.ActiveCfg = Debug|Win32
		{044CB4DC-827D-4134-B14B-DE114E884BB9}.Debug No AirPcap|x86.Build.0 = Debug|Win32
		{044CB4DC-827D-4134-B14B-DE114E884BB9}.Debug Win10 driver|ARM64.ActiveCfg = Release|ARM64
		{044CB4DC-827D-4134-B14B-DE114E884BB9}.Debug Win10 driver|x64.ActiveCfg = Release|x64
		{044CB4DC-827D-4134-B14B-DE114E884BB9}.Debug Win10 driver|x86.ActiveCfg = Release|Win32
		{044CB4DC-827D-4134-B14B-DE114E884BB9}.Debug Win8 driver|ARM64.ActiveCfg = Release|ARM64
		{044CB4DC-827D-4134-B14B-DE114E884BB9}.Debug Win8 driver|x64.ActiveCfg = Release|x64
		{044CB4DC-827D-4134-B14B-DE114E884BB9}.Debug Win8 driver|x86.ActiveCfg = Release|Win32
		{044CB4DC-827D-4134-B14B-DE114E884BB9}.Debug|ARM64.ActiveCfg = Debug|ARM64
		{044CB4DC-827D-4134-B14B-DE114E884BB9}.Debug|ARM64.Build.0 = Debug|ARM64
		{044CB4DC-827D-4134-B14B-DE114E884BB9}.Debug|x64.ActiveCfg = Debug|x64
		{044CB4DC-827D-4134-B14B-DE114E884BB9}.Debug|x64.Build.0 = Debug|x64
		{044CB4DC-827D-4134-B14B-DE114E884BB9}.Debug|x86.ActiveCfg = Debug|Win32
		{044CB4DC-827D-4134-B14B-DE114E884BB9}.Debug|x86.Build.0 = Debug|Win32
		{044CB4DC-827D-4134-B14B-DE114E884BB9}.OEM Debug Win10 driver|ARM64.ActiveCfg = OEM Debug|ARM64
		{044CB4DC-827D-4134-B14B-DE114E884BB9}.OEM Debug Win10 driver|x64.ActiveCfg = Release|x64
		{044CB4DC-827D-4134-B14B-DE114E884BB9}.OEM Debug Win10 driver|x86.ActiveCfg = Release|Win32
		{044CB4DC-827D-4134-B14B-DE114E884BB9}.OEM Debug|ARM64.ActiveCfg = OEM Debug|ARM64
		{044CB4DC-827D-4134-B14B-DE114E884BB9}.OEM Debug|x64.ActiveCfg = OEM Debug|x64
		{044CB4DC-827D-4134-B14B-DE114E884BB9}.OEM Debug|x86.ActiveCfg = OEM Debug|Win32
		{044CB4DC-827D-4134-B14B-DE114E884BB9}.OEM Release Win10 driver|ARM64.ActiveCfg = OEM Release|ARM64
		{044CB4DC-827D-4134-B14B-DE114E884BB9}.OEM Release Win10 driver|x64.ActiveCfg = Release|x64
		{044CB4DC-827D-4134-B14B-DE114E884BB9}.OEM Release Win10 driver|x86.ActiveCfg = Release|Win32
		{044CB4DC-827D-4134-B14B-DE114E884BB9}.OEM Release Win8 driver|ARM64.ActiveCfg = OEM Release|ARM64
		{044CB4DC-827D-4134-B14B-DE114E884BB9}.OEM Release Win8 driver|x64.ActiveCfg = Release|x64
		{044CB4DC-827D-4134-B14B-DE114E884BB9}.OEM Release Win8 driver|x86.ActiveCfg = Release|Win32
		{044CB4DC-827D-4134-B14B-DE114E884BB9}.OEM Release|ARM64.ActiveCfg = OEM Release|ARM64
		{044CB4DC-827D-4134-B14B-DE114E884BB9}.OEM Release|x64.ActiveCfg = OEM Release|x64
		{044CB4DC-827D-4134-B14B-DE114E884BB9}.OEM Release|x86.ActiveCfg = OEM Release|Win32
		{044CB4DC-827D-4134-B14B-DE114E884BB9}.OEM RO Release Win10 driver|ARM64.ActiveCfg = Release|ARM64
		{044CB4DC-827D-4134-B14B-DE114E884BB9}.OEM RO Release Win10 driver|x64.ActiveCfg = Release|x64
		{044CB4DC-827D-4134-B14B-DE114E884BB9}.OEM RO Release Win10 driver|x86.ActiveCfg = Release|Win32
		{044CB4DC-827D-4134-B14B-DE114E884BB9}.OEM RO Release Win8 driver|ARM64.ActiveCfg = Release|ARM64
		{044CB4DC-827D-4134-B14B-DE114E884BB9}.OEM RO Release Win8 driver|x64.ActiveCfg = Release|x64
		{044CB4DC-827D-4134-B14B-DE114E884BB9}.OEM RO Release Win8 driver|x86.ActiveCfg = Release|Win32
		{044CB4DC-827D-4134-B14B-DE114E884BB9}.OEM RO Release|ARM64.ActiveCfg = OEM Release|ARM64
		{044CB4DC-827D-4134-B14B-DE114E884BB9}.OEM RO Release|x64.ActiveCfg = OEM Release|x64
		{044CB4DC-827D-4134-B14B-DE114E884BB9}.OEM RO Release|x86.ActiveCfg = OEM Release|Win32
		{044CB4DC-827D-4134-B14B-DE114E884BB9}.Release No AirPcap|ARM64.ActiveCfg = Release|ARM64
		{044CB4DC-827D-4134-B14B-DE114E884BB9}.Release No AirPcap|ARM64.Build.0 = Release|ARM64
		{044CB4DC-827D-4134-B14B-DE114E884BB9}.Release No AirPcap|x64.ActiveCfg = Release|x64
		{044CB4DC-827D-4134-B14B-DE114E884BB9}.Release No AirPcap|x64.Build.0 = Release|x64
		{044CB4DC-827D-4134-B14B-DE114E884BB9}.Release No AirPcap|x86.ActiveCfg = Release|Win32
		{044CB4DC-827D-4134-B14B-DE114E884BB9}.Release No AirPcap|x86.Build.0 = Release|Win32
		{044CB4DC-827D-4134-B14B-DE114E884BB9}.Release Win10 driver|ARM64.ActiveCfg = Release|ARM64
		{044CB4DC-827D-4134-B14B-DE114E884BB9}.Release Win10 driver|x64.ActiveCfg = Release|x64
		{044CB4DC-827D-4134-B14B-DE114E884BB9}.Release Win10 driver|x86.ActiveCfg = Release|Win32
		{044CB4DC-827D-4134-B14B-DE114E884BB9}.Release Win8 driver|ARM64.ActiveCfg = Release|ARM64
		{044CB4DC-827D-4134-B14B-DE114E884BB9}.Release Win8 driver|x64.ActiveCfg = Release|x64
		{044CB4DC-827D-4134-B14B-DE114E884BB9}.Release Win8 driver|x86.ActiveCfg = Release|Win32
		{044CB4DC-827D-4134-B14B-DE114E884BB9}.Release|ARM64.ActiveCfg = Release|ARM64
		{044CB4DC-827D-4134-B14B-DE114E884BB9}.Release|ARM64.Build.0 = Release|ARM64
		{044CB4DC-827D-4134-B14B-DE114E884BB9}.Release|x64.ActiveCfg = Release|x64
		{044CB4DC-827D-4134-B14B-DE114E884BB9}.Release|x64.Build.0 = Release|x64
		{044CB4DC-827D-4134-B14B-DE114E884BB9}.Release|x86.ActiveCfg = Release|Win32
		{044CB4DC-827D-4134-B14B-DE114E884BB9}.Release|x86.Build.0 = Release|Win32
		{5D8A2717-4F35-4402-B868-45612D27291B}.Debug No AirPcap|ARM64.ActiveCfg = Debug|ARM64
		{5D8A2717-4F35-4402-B868-45612D27291B}.Debug No AirPcap|ARM64.Build.0 = Debug|ARM64
		{5D8A2717-4F35-4402-B868-45612D27291B}.Debug No AirPcap|x64.ActiveCfg = Debug|x64
		{5D8A2717-4F35-4402-B868-45612D27291B}.Debug No AirPcap|x64.Build.0 = Debug|x64
		{5D8A2717-4F35-4402-B868-45612D27291B}.Debug No AirPcap|x86.ActiveCfg = Debug|Win32
		{5D8A2717-4F35-4402-B868-45612D27291B}.Debug No AirPcap|x86.Build.0 = Debug|Win32
		{5D8A2717-4F35-4402-B868-45612D27291B}.Debug Win10 driver|ARM64.ActiveCfg = Release|ARM64
		{5D8A2717-4F35-4402-B868-45612D27291B}.Debug Win10 driver|x64.ActiveCfg = Release|x64
		{5D8A2717-4F35-4402-B868-45612D27291B}.Debug Win10 driver|x86.ActiveCfg = Release|Win32
		{5D8A2717-4F35-4402-B868-45612D27291B}.Debug Win8 driver|ARM64.ActiveCfg = Release|ARM64
		{5D8A2717-4F35-4402-B868-45612D27291B}.Debug Win8 driver|x64.ActiveCfg = Release|x64
		{5D8A2717-4F35-4402-B868-45612D27291B}.Debug Win8 driver|x86.ActiveCfg = Release|Win32
		{5D8A2717-4F35-4402-B868-45612D27291B}.Debug|ARM64.ActiveCfg = Debug|ARM64
		{5D8A2717-4F35-4402-B868-45612D27291B}.Debug|ARM64.Build.0 = Debug|ARM64
		{5D8A2717-4F35-4402-B868-45612D27291B}.Debug|x64.ActiveCfg = Debug|x64
		{5D8A2717-4F35-4402-B868-45612D27291B}.Debug|x64.Build.0 = Debug|x64
		{5D8A2717-4F35-4402-B868-45612D27291B}.Debug|x86.ActiveCfg = Debug|Win32
		{5D8A2717-4F35-4402-B868-45612D27291B}.Debug|x86.Build.0 = Debug|Win32
		{5D8A2717-4F35-4402-B868-45612D27291B}.OEM Debug Win10 driver|ARM64.ActiveCfg = OEM Debug|ARM64
		{5D8A2717-4F35-4402-B868-45612D27291B}.OEM Debug Win10 driver|x64.ActiveCfg = Release|x64
		{5D8A2717-4F35-4402-B868-45612D27291B}.OEM Debug Win10 driver|x86.ActiveCfg = Release|Win32
		{5D8A2717-4F35-4402-B868-45612D27291B}.OEM Debug|ARM64.ActiveCfg = OEM Debug|ARM64
		{5D8A2717-4F35-4402-B868-45612D27291B}.OEM Debug|x64.ActiveCfg = OEM Debug|x64
		{5D8A2717-4F35-4402-B868-45612D27291B}.OEM Debug|x86.ActiveCfg = OEM Debug|Win32
		{5D8A2717-4F35-4402-B868-45612D27291B}.OEM Release Win10 driver|ARM64.ActiveCfg = OEM Release|ARM64
		{5D8A2717-4F35-4402-B868-45612D27291B}.OEM Release Win10 driver|x64.ActiveCfg = Release|x64
		{5D8A2717-4F35-4402-B868-45612D27291B}.OEM Release Win10 driver|x86.ActiveCfg = Release|Win32
		{5D8A2717-4F35-4402-B868-45612D27291B}.OEM Release Win8 driver|ARM64.ActiveCfg = OEM Release|ARM64
		{5D8A2717-4F35-4402-B868-45612D27291B}.OEM Release Win8 driver|x64.ActiveCfg = Release|x64
		{5D8A2717-4F35-4402-B868-45612D27291B}.OEM Release Win8 driver|x86.ActiveCfg = Release|Win32
		{5D8A2717-4F35-4402-B868-45612D27291B}.OEM Release|ARM64.ActiveCfg = OEM Release|ARM64
		{5D8A2717-4F35-4402-B868-45612D27291B}.OEM Release|x64.ActiveCfg = OEM Release|x64
		{5D8A2717-4F35-4402-B868-45612D27291B}.OEM Release|x86.ActiveCfg = OEM Release|Win32
		{5D8A2717-4F35-4402-B868-45612D27291B}.OEM RO Release Win10 driver|ARM64.ActiveCfg = Release|ARM64
		{5D8A2717-4F35-4402-B868-45612D27291B}.OEM RO Release Win10 driver|x64.ActiveCfg = Release|x64
		{5D8A2717-4F35-4402-B868-45612D27291B}.OEM RO Release Win10 driver|x86.ActiveCfg = Release|Win32
		{5D8A2717-4F35-4402-B868-45612D27291B}.OEM RO Release Win8 driver|ARM64.ActiveCfg = Release|ARM64
		{5D8A2717-4F35-4402-B868-45612D27291B}.OEM RO Release Win8 driver|x64.ActiveCfg = Release|x64
		{5D8A2717-4F35-4402-B868-45612D27291B}.OEM RO Release Win8 driver|x86.ActiveCfg = Release|Win32
		{5D8A2717-4F35-4402-B868-45612D27291B}.OEM RO Release|ARM64.ActiveCfg = OEM Release|ARM64
		{5D8A2717-4F35-4402-B868-45612D27291B}.OEM RO Release|x64.ActiveCfg = OEM Release|x64
		{5D8A2717-4F35-4402-B868-45612D27291B}.OEM RO Release|x86.ActiveCfg = OEM Release|Win32
		{5D8A2717-4F35-4402-B868-45612D27291B}.Release No AirPcap|ARM64.ActiveCfg = Release|ARM64
		{5D8A2717-4F35-4402-B868-45612D27291B}.Release No AirPcap|ARM64.Build.0 = Release|ARM64
		{5D8A2717-4F35-4402-B868-45612D27291B}.Release No AirPcap|x64.ActiveCfg = Release|x64
		{5D8A2717-4F35-4402-B868-45612D27291B}.Release No AirPcap|x64.Build.0 = Release|x64
		{5D8A2717-4F35-4402-B868-45612D27291B}.Release No AirPcap|x86.ActiveCfg = Release|Win32
		{5D8A2717-4F35-4402-B868-45612D27291B}.Release No AirPcap|x86.Build.0 = Release|Win32
		{5D8A2717-4F35-4402-B868-45612D27291B}.Release Win10 driver|ARM64.ActiveCfg = Release|ARM64
		{5D8A2717-4F35-4402-B868-45612D27291B}.Release Win10 driver|x64.ActiveCfg = Release|x64
		{5D8A2717-4F35-4402-B868-45612D27291B}.Release Win10 driver|x86.ActiveCfg = Release|Win32
		{5D8A2717-4F35-4402-B868-45612D27291B}.Release Win8 driver|ARM64.ActiveCfg = Release|ARM64
		{5D8A2717-4F35-4402-B868-45612D27291B}.Release Win8 driver|x64.ActiveCfg = Release|x64
		{5D8A2717-4F35-4402-B868-45612D27291B}.Release Win8 driver|x86.ActiveCfg = Release|Win32
		{5D8A2717-4F35-4402-B868-45612D27291B}.Release|ARM64.ActiveCfg = Release|ARM64
		{5D8A2717-4F35-4402-B868-45612D27291B}.Release|ARM64.Build.0 = Release|ARM64
		{5D8A2717-4F35-4402-B868-45612D27291B}.Release|x64.ActiveCfg = Release|x64
		{5D8A2717-4F35-4402-B868-45612D27291B}.Release|x64.Build.0 = Release|x64
		{5D8A2717-4F35-4402-B868-45612D27291B}.Release|x86.ActiveCfg = Release|Win32
		{5D8A2717-4F35-4402-B868-45612D27291B}.Release|x86.Build.0 = Release|Win32
	EndGlobalSection
	GlobalSection(SolutionProperties) = preSolution
		HideSolutionNode = FALSE
	EndGlobalSection
	GlobalSection(ExtensibilityGlobals) = postSolution
		SolutionGuid = {8740DD97-0A53-4514-B1C2-247294161C48}
	EndGlobalSection
EndGlobal
